
Microsoft Visual Studio Solution File, Format Version 12.00
# Visual Studio Version 17
VisualStudioVersion = 17.12.35506.116 d17.12
MinimumVisualStudioVersion = 10.0.40219.1
Project("{2150E333-8FDC-42A3-9474-1A3956D46DE8}") = "src", "src", "{F58B7FA8-94A1-4FFA-815F-578656B17ACE}"
EndProject
Project("{2150E333-8FDC-42A3-9474-1A3956D46DE8}") = "Solution Items", "Solution Items", "{C82EE5CC-8262-44B1-B3C0-1128A6699FBE}"
	ProjectSection(SolutionItems) = preProject
		ServiceUrls.txt = ServiceUrls.txt
	EndProjectSection
EndProject
Project("{2150E333-8FDC-42A3-9474-1A3956D46DE8}") = "ApiGateways", "ApiGateways", "{5DEB755D-AC34-486C-87CB-3D96451F1BF4}"
EndProject
Project("{2150E333-8FDC-42A3-9474-1A3956D46DE8}") = "BuildingBlocks", "BuildingBlocks", "{88508A9E-DA0F-463A-BDA8-A096408817A8}"
EndProject
Project("{2150E333-8FDC-42A3-9474-1A3956D46DE8}") = "Services", "Services", "{F8BDB7F5-0B8E-420A-8CF4-F0B162A341EB}"
EndProject
Project("{2150E333-8FDC-42A3-9474-1A3956D46DE8}") = "Clients", "Clients", "{44F0D671-3B2E-4227-9648-A12D3FDE1427}"
EndProject
Project("{2150E333-8FDC-42A3-9474-1A3956D46DE8}") = "WebApiGateway", "WebApiGateway", "{A23AAC99-3B37-4447-A44D-8D8A9A0EBED7}"
EndProject
Project("{FAE04EC0-301F-11D3-BF4B-00C04F79EFBC}") = "Web.ApiGateway", "src\ApiGateways\WebApiGateway\WebApiGateway\Web.ApiGateway.csproj", "{D482E46C-2CB1-48F1-A264-C970BA2F188A}"
EndProject
Project("{2150E333-8FDC-42A3-9474-1A3956D46DE8}") = "EventBus", "EventBus", "{844EF701-D46C-42BE-9E24-83A71DEF74E6}"
EndProject
Project("{FAE04EC0-301F-11D3-BF4B-00C04F79EFBC}") = "EventBus.Base", "src\BuildingBlocks\EventBus\EventBus.Base\EventBus.Base.csproj", "{45B5F995-3CC5-4608-AC6A-145901E16008}"
EndProject
Project("{FAE04EC0-301F-11D3-BF4B-00C04F79EFBC}") = "EventBus.Factory", "src\BuildingBlocks\EventBus\EventBus.Factory\EventBus.Factory.csproj", "{DECCA4CC-1E04-4A8B-AC35-53FCCEF779D7}"
EndProject
Project("{FAE04EC0-301F-11D3-BF4B-00C04F79EFBC}") = "EventBus.AzureServiceBus", "src\BuildingBlocks\EventBus\EventBus.AzureServiceBus\EventBus.AzureServiceBus.csproj", "{302D4A88-7316-4263-8044-AEC97159A867}"
EndProject
Project("{FAE04EC0-301F-11D3-BF4B-00C04F79EFBC}") = "EventBus.RabbitMQ", "src\BuildingBlocks\EventBus\EventBus.RabbitMQ\EventBus.RabbitMQ.csproj", "{C6E69E7F-38C9-40CF-AA8C-42CF89F41CFB}"
EndProject
Project("{2150E333-8FDC-42A3-9474-1A3956D46DE8}") = "BlazorWebApp", "BlazorWebApp", "{EB872C77-675F-4B35-B975-0C6D3A26A63C}"
EndProject
Project("{FAE04EC0-301F-11D3-BF4B-00C04F79EFBC}") = "WebApp", "src\Clients\BlazorWebApp\WebApp\WebApp.csproj", "{E945046B-3978-4E11-A6C5-E8E3FA1FE5AE}"
EndProject
Project("{2150E333-8FDC-42A3-9474-1A3956D46DE8}") = "BasketService", "BasketService", "{81ACC8A0-6F30-4D1C-AD01-E714FEB8AADD}"
EndProject
Project("{FAE04EC0-301F-11D3-BF4B-00C04F79EFBC}") = "BasketService.Api", "src\Services\BasketService\BasketService.Api\BasketService.Api.csproj", "{02163313-58E8-4122-8C4B-6FD3CEAD9132}"
EndProject
Project("{2150E333-8FDC-42A3-9474-1A3956D46DE8}") = "CatalogService", "CatalogService", "{861D86D7-4E89-46C7-A62B-13C6607A498E}"
EndProject
Project("{FAE04EC0-301F-11D3-BF4B-00C04F79EFBC}") = "CatalogService.Api", "src\Services\CatalogService\CatalogService.Api\CatalogService.Api.csproj", "{90353EB2-17B5-4C9C-8B8D-9BE325DD4B1C}"
EndProject
Project("{2150E333-8FDC-42A3-9474-1A3956D46DE8}") = "IdentityService", "IdentityService", "{D4B8A933-5492-4D59-A38E-9C5ADA02F611}"
EndProject
Project("{FAE04EC0-301F-11D3-BF4B-00C04F79EFBC}") = "IdentityService.Api", "src\Services\IdentityService\IdentityService.Api\IdentityService.Api.csproj", "{F17D32B0-06FE-481C-8DB1-A9A7075C046F}"
EndProject
Project("{2150E333-8FDC-42A3-9474-1A3956D46DE8}") = "NotificationService", "NotificationService", "{0A9E7F55-3924-4487-B337-9CF48C7112D8}"
EndProject
Project("{FAE04EC0-301F-11D3-BF4B-00C04F79EFBC}") = "NotificationService", "src\Services\NotificationService\NotificationService\NotificationService.csproj", "{5546F46C-E734-4B8D-82C0-671997EF74C4}"
EndProject
Project("{2150E333-8FDC-42A3-9474-1A3956D46DE8}") = "OrderService", "OrderService", "{34691588-8736-4CE7-8347-4610F2944126}"
EndProject
Project("{FAE04EC0-301F-11D3-BF4B-00C04F79EFBC}") = "OrderService.Domain", "src\Services\OrderService\OrderService.Domain\OrderService.Domain.csproj", "{8653D540-BAB9-4782-9FFA-60DC02D81826}"
EndProject
Project("{FAE04EC0-301F-11D3-BF4B-00C04F79EFBC}") = "OrderService.Application", "src\Services\OrderService\OrderService.Application\OrderService.Application.csproj", "{DC2757B7-0BC4-41E0-B605-5223C7BD3A2E}"
EndProject
Project("{FAE04EC0-301F-11D3-BF4B-00C04F79EFBC}") = "OrderService.Infrastructure", "src\Services\OrderService\OrderService.Infrastructure\OrderService.Infrastructure.csproj", "{251A812D-10CE-4CA5-923D-19D5B50A1006}"
EndProject
Project("{FAE04EC0-301F-11D3-BF4B-00C04F79EFBC}") = "OrderService.Api", "src\Services\OrderService\OrderService.Api\OrderService.Api.csproj", "{FBE9DD78-127D-429C-B551-4533CE36B214}"
EndProject
Project("{2150E333-8FDC-42A3-9474-1A3956D46DE8}") = "PaymentService", "PaymentService", "{3F94A0DA-B716-4BC0-BB38-2CD048D9D8CD}"
EndProject
Project("{FAE04EC0-301F-11D3-BF4B-00C04F79EFBC}") = "PaymentService.Api", "src\Services\PaymentService\PaymentService.Api\PaymentService.Api.csproj", "{7B2BAA71-2F91-444D-B575-7B0DDD6518FE}"
EndProject
Global
	GlobalSection(SolutionConfigurationPlatforms) = preSolution
		Debug|Any CPU = Debug|Any CPU
		Release|Any CPU = Release|Any CPU
	EndGlobalSection
	GlobalSection(ProjectConfigurationPlatforms) = postSolution
		{D482E46C-2CB1-48F1-A264-C970BA2F188A}.Debug|Any CPU.ActiveCfg = Debug|Any CPU
		{D482E46C-2CB1-48F1-A264-C970BA2F188A}.Debug|Any CPU.Build.0 = Debug|Any CPU
		{D482E46C-2CB1-48F1-A264-C970BA2F188A}.Release|Any CPU.ActiveCfg = Release|Any CPU
		{D482E46C-2CB1-48F1-A264-C970BA2F188A}.Release|Any CPU.Build.0 = Release|Any CPU
		{45B5F995-3CC5-4608-AC6A-145901E16008}.Debug|Any CPU.ActiveCfg = Debug|Any CPU
		{45B5F995-3CC5-4608-AC6A-145901E16008}.Debug|Any CPU.Build.0 = Debug|Any CPU
		{45B5F995-3CC5-4608-AC6A-145901E16008}.Release|Any CPU.ActiveCfg = Release|Any CPU
		{45B5F995-3CC5-4608-AC6A-145901E16008}.Release|Any CPU.Build.0 = Release|Any CPU
		{DECCA4CC-1E04-4A8B-AC35-53FCCEF779D7}.Debug|Any CPU.ActiveCfg = Debug|Any CPU
		{DECCA4CC-1E04-4A8B-AC35-53FCCEF779D7}.Debug|Any CPU.Build.0 = Debug|Any CPU
		{DECCA4CC-1E04-4A8B-AC35-53FCCEF779D7}.Release|Any CPU.ActiveCfg = Release|Any CPU
		{DECCA4CC-1E04-4A8B-AC35-53FCCEF779D7}.Release|Any CPU.Build.0 = Release|Any CPU
		{302D4A88-7316-4263-8044-AEC97159A867}.Debug|Any CPU.ActiveCfg = Debug|Any CPU
		{302D4A88-7316-4263-8044-AEC97159A867}.Debug|Any CPU.Build.0 = Debug|Any CPU
		{302D4A88-7316-4263-8044-AEC97159A867}.Release|Any CPU.ActiveCfg = Release|Any CPU
		{302D4A88-7316-4263-8044-AEC97159A867}.Release|Any CPU.Build.0 = Release|Any CPU
		{C6E69E7F-38C9-40CF-AA8C-42CF89F41CFB}.Debug|Any CPU.ActiveCfg = Debug|Any CPU
		{C6E69E7F-38C9-40CF-AA8C-42CF89F41CFB}.Debug|Any CPU.Build.0 = Debug|Any CPU
		{C6E69E7F-38C9-40CF-AA8C-42CF89F41CFB}.Release|Any CPU.ActiveCfg = Release|Any CPU
		{C6E69E7F-38C9-40CF-AA8C-42CF89F41CFB}.Release|Any CPU.Build.0 = Release|Any CPU
		{E945046B-3978-4E11-A6C5-E8E3FA1FE5AE}.Debug|Any CPU.ActiveCfg = Debug|Any CPU
		{E945046B-3978-4E11-A6C5-E8E3FA1FE5AE}.Debug|Any CPU.Build.0 = Debug|Any CPU
		{E945046B-3978-4E11-A6C5-E8E3FA1FE5AE}.Release|Any CPU.ActiveCfg = Release|Any CPU
		{E945046B-3978-4E11-A6C5-E8E3FA1FE5AE}.Release|Any CPU.Build.0 = Release|Any CPU
		{02163313-58E8-4122-8C4B-6FD3CEAD9132}.Debug|Any CPU.ActiveCfg = Debug|Any CPU
		{02163313-58E8-4122-8C4B-6FD3CEAD9132}.Debug|Any CPU.Build.0 = Debug|Any CPU
		{02163313-58E8-4122-8C4B-6FD3CEAD9132}.Release|Any CPU.ActiveCfg = Release|Any CPU
		{02163313-58E8-4122-8C4B-6FD3CEAD9132}.Release|Any CPU.Build.0 = Release|Any CPU
		{90353EB2-17B5-4C9C-8B8D-9BE325DD4B1C}.Debug|Any CPU.ActiveCfg = Debug|Any CPU
		{90353EB2-17B5-4C9C-8B8D-9BE325DD4B1C}.Debug|Any CPU.Build.0 = Debug|Any CPU
		{90353EB2-17B5-4C9C-8B8D-9BE325DD4B1C}.Release|Any CPU.ActiveCfg = Release|Any CPU
		{90353EB2-17B5-4C9C-8B8D-9BE325DD4B1C}.Release|Any CPU.Build.0 = Release|Any CPU
		{F17D32B0-06FE-481C-8DB1-A9A7075C046F}.Debug|Any CPU.ActiveCfg = Debug|Any CPU
		{F17D32B0-06FE-481C-8DB1-A9A7075C046F}.Debug|Any CPU.Build.0 = Debug|Any CPU
		{F17D32B0-06FE-481C-8DB1-A9A7075C046F}.Release|Any CPU.ActiveCfg = Release|Any CPU
		{F17D32B0-06FE-481C-8DB1-A9A7075C046F}.Release|Any CPU.Build.0 = Release|Any CPU
		{5546F46C-E734-4B8D-82C0-671997EF74C4}.Debug|Any CPU.ActiveCfg = Debug|Any CPU
		{5546F46C-E734-4B8D-82C0-671997EF74C4}.Debug|Any CPU.Build.0 = Debug|Any CPU
		{5546F46C-E734-4B8D-82C0-671997EF74C4}.Release|Any CPU.ActiveCfg = Release|Any CPU
		{5546F46C-E734-4B8D-82C0-671997EF74C4}.Release|Any CPU.Build.0 = Release|Any CPU
		{8653D540-BAB9-4782-9FFA-60DC02D81826}.Debug|Any CPU.ActiveCfg = Debug|Any CPU
		{8653D540-BAB9-4782-9FFA-60DC02D81826}.Debug|Any CPU.Build.0 = Debug|Any CPU
		{8653D540-BAB9-4782-9FFA-60DC02D81826}.Release|Any CPU.ActiveCfg = Release|Any CPU
		{8653D540-BAB9-4782-9FFA-60DC02D81826}.Release|Any CPU.Build.0 = Release|Any CPU
		{DC2757B7-0BC4-41E0-B605-5223C7BD3A2E}.Debug|Any CPU.ActiveCfg = Debug|Any CPU
		{DC2757B7-0BC4-41E0-B605-5223C7BD3A2E}.Debug|Any CPU.Build.0 = Debug|Any CPU
		{DC2757B7-0BC4-41E0-B605-5223C7BD3A2E}.Release|Any CPU.ActiveCfg = Release|Any CPU
		{DC2757B7-0BC4-41E0-B605-5223C7BD3A2E}.Release|Any CPU.Build.0 = Release|Any CPU
		{251A812D-10CE-4CA5-923D-19D5B50A1006}.Debug|Any CPU.ActiveCfg = Debug|Any CPU
		{251A812D-10CE-4CA5-923D-19D5B50A1006}.Debug|Any CPU.Build.0 = Debug|Any CPU
		{251A812D-10CE-4CA5-923D-19D5B50A1006}.Release|Any CPU.ActiveCfg = Release|Any CPU
		{251A812D-10CE-4CA5-923D-19D5B50A1006}.Release|Any CPU.Build.0 = Release|Any CPU
		{FBE9DD78-127D-429C-B551-4533CE36B214}.Debug|Any CPU.ActiveCfg = Debug|Any CPU
		{FBE9DD78-127D-429C-B551-4533CE36B214}.Debug|Any CPU.Build.0 = Debug|Any CPU
		{FBE9DD78-127D-429C-B551-4533CE36B214}.Release|Any CPU.ActiveCfg = Release|Any CPU
		{FBE9DD78-127D-429C-B551-4533CE36B214}.Release|Any CPU.Build.0 = Release|Any CPU
		{7B2BAA71-2F91-444D-B575-7B0DDD6518FE}.Debug|Any CPU.ActiveCfg = Debug|Any CPU
		{7B2BAA71-2F91-444D-B575-7B0DDD6518FE}.Debug|Any CPU.Build.0 = Debug|Any CPU
		{7B2BAA71-2F91-444D-B575-7B0DDD6518FE}.Release|Any CPU.ActiveCfg = Release|Any CPU
		{7B2BAA71-2F91-444D-B575-7B0DDD6518FE}.Release|Any CPU.Build.0 = Release|Any CPU
	EndGlobalSection
	GlobalSection(SolutionProperties) = preSolution
		HideSolutionNode = FALSE
	EndGlobalSection
	GlobalSection(NestedProjects) = preSolution
		{5DEB755D-AC34-486C-87CB-3D96451F1BF4} = {F58B7FA8-94A1-4FFA-815F-578656B17ACE}
		{88508A9E-DA0F-463A-BDA8-A096408817A8} = {F58B7FA8-94A1-4FFA-815F-578656B17ACE}
		{F8BDB7F5-0B8E-420A-8CF4-F0B162A341EB} = {F58B7FA8-94A1-4FFA-815F-578656B17ACE}
		{44F0D671-3B2E-4227-9648-A12D3FDE1427} = {F58B7FA8-94A1-4FFA-815F-578656B17ACE}
		{A23AAC99-3B37-4447-A44D-8D8A9A0EBED7} = {5DEB755D-AC34-486C-87CB-3D96451F1BF4}
		{D482E46C-2CB1-48F1-A264-C970BA2F188A} = {A23AAC99-3B37-4447-A44D-8D8A9A0EBED7}
		{844EF701-D46C-42BE-9E24-83A71DEF74E6} = {88508A9E-DA0F-463A-BDA8-A096408817A8}
		{45B5F995-3CC5-4608-AC6A-145901E16008} = {844EF701-D46C-42BE-9E24-83A71DEF74E6}
		{DECCA4CC-1E04-4A8B-AC35-53FCCEF779D7} = {844EF701-D46C-42BE-9E24-83A71DEF74E6}
		{302D4A88-7316-4263-8044-AEC97159A867} = {844EF701-D46C-42BE-9E24-83A71DEF74E6}
		{C6E69E7F-38C9-40CF-AA8C-42CF89F41CFB} = {844EF701-D46C-42BE-9E24-83A71DEF74E6}
		{EB872C77-675F-4B35-B975-0C6D3A26A63C} = {44F0D671-3B2E-4227-9648-A12D3FDE1427}
		{E945046B-3978-4E11-A6C5-E8E3FA1FE5AE} = {EB872C77-675F-4B35-B975-0C6D3A26A63C}
		{81ACC8A0-6F30-4D1C-AD01-E714FEB8AADD} = {F8BDB7F5-0B8E-420A-8CF4-F0B162A341EB}
		{02163313-58E8-4122-8C4B-6FD3CEAD9132} = {81ACC8A0-6F30-4D1C-AD01-E714FEB8AADD}
		{861D86D7-4E89-46C7-A62B-13C6607A498E} = {F8BDB7F5-0B8E-420A-8CF4-F0B162A341EB}
		{90353EB2-17B5-4C9C-8B8D-9BE325DD4B1C} = {861D86D7-4E89-46C7-A62B-13C6607A498E}
		{D4B8A933-5492-4D59-A38E-9C5ADA02F611} = {F8BDB7F5-0B8E-420A-8CF4-F0B162A341EB}
		{F17D32B0-06FE-481C-8DB1-A9A7075C046F} = {D4B8A933-5492-4D59-A38E-9C5ADA02F611}
		{0A9E7F55-3924-4487-B337-9CF48C7112D8} = {F8BDB7F5-0B8E-420A-8CF4-F0B162A341EB}
		{5546F46C-E734-4B8D-82C0-671997EF74C4} = {0A9E7F55-3924-4487-B337-9CF48C7112D8}
		{34691588-8736-4CE7-8347-4610F2944126} = {F8BDB7F5-0B8E-420A-8CF4-F0B162A341EB}
		{8653D540-BAB9-4782-9FFA-60DC02D81826} = {34691588-8736-4CE7-8347-4610F2944126}
		{DC2757B7-0BC4-41E0-B605-5223C7BD3A2E} = {34691588-8736-4CE7-8347-4610F2944126}
		{251A812D-10CE-4CA5-923D-19D5B50A1006} = {34691588-8736-4CE7-8347-4610F2944126}
		{FBE9DD78-127D-429C-B551-4533CE36B214} = {34691588-8736-4CE7-8347-4610F2944126}
		{3F94A0DA-B716-4BC0-BB38-2CD048D9D8CD} = {F8BDB7F5-0B8E-420A-8CF4-F0B162A341EB}
		{7B2BAA71-2F91-444D-B575-7B0DDD6518FE} = {3F94A0DA-B716-4BC0-BB38-2CD048D9D8CD}
	EndGlobalSection
EndGlobal
